
Microsoft Visual Studio Solution File, Format Version 12.00
# Visual Studio Version 17
VisualStudioVersion = 17.10.35122.118
MinimumVisualStudioVersion = 10.0.40219.1
Project("{FAE04EC0-301F-11D3-BF4B-00C04F79EFBC}") = "SampleSolution", "SampleSolution\SampleSolution.csproj", "{76A6544F-899F-40C0-8311-FC6A32494D05}"
EndProject
Global
	GlobalSection(SolutionConfigurationPlatforms) = preSolution
		Debug|Any CPU = Debug|Any CPU
		Release|Any CPU = Release|Any CPU
	EndGlobalSection
	GlobalSection(ProjectConfigurationPlatforms) = postSolution
		{76A6544F-899F-40C0-8311-FC6A32494D05}.Debug|Any CPU.ActiveCfg = Debug|Any CPU
		{76A6544F-899F-40C0-8311-FC6A32494D05}.Debug|Any CPU.Build.0 = Debug|Any CPU
		{76A6544F-899F-40C0-8311-FC6A32494D05}.Release|Any CPU.ActiveCfg = Release|Any CPU
		{76A6544F-899F-40C0-8311-FC6A32494D05}.Release|Any CPU.Build.0 = Release|Any CPU
	EndGlobalSection
	GlobalSection(SolutionProperties) = preSolution
		HideSolutionNode = FALSE
	EndGlobalSection
	GlobalSection(ExtensibilityGlobals) = postSolution
		SolutionGuid = {2FE52A41-B9E2-4440-943C-346BC6AD4544}
	EndGlobalSection
EndGlobal
